// !$*UTF8*$!
{
	archiveVersion = 1;
	classes = {
	};
	objectVersion = 50;
	objects = {

/* Begin PBXBuildFile section */
		8412A7FE26AB24DE00C3D425 /* RightPassword.m in Sources */ = {isa = PBXBuildFile; fileRef = 8412A7FC26AB24DE00C3D425 /* RightPassword.m */; };
		842FB26726AF29F0001FB079 /* AuthorizationViewController+UITextFieldDelegate.m in Sources */ = {isa = PBXBuildFile; fileRef = 842FB26626AF29F0001FB079 /* AuthorizationViewController+UITextFieldDelegate.m */; };
		844874C226AD726A0001F873 /* UIColor+AdditionalColors.m in Sources */ = {isa = PBXBuildFile; fileRef = 844874C126AD726A0001F873 /* UIColor+AdditionalColors.m */; };
		844874C626AD77DD0001F873 /* RSButton.m in Sources */ = {isa = PBXBuildFile; fileRef = 844874C526AD77DD0001F873 /* RSButton.m */; };
		844874CD26AD9D3E0001F873 /* CypherButton.m in Sources */ = {isa = PBXBuildFile; fileRef = 844874CC26AD9D3E0001F873 /* CypherButton.m */; };
		844874D326ADB5F60001F873 /* CypherView.m in Sources */ = {isa = PBXBuildFile; fileRef = 844874D226ADB5F60001F873 /* CypherView.m */; };
		847D409D26ABF075006CADA6 /* UIControl+OnOffAlpha.m in Sources */ = {isa = PBXBuildFile; fileRef = 847D409C26ABF075006CADA6 /* UIControl+OnOffAlpha.m */; };
		847D40A026ABF68A006CADA6 /* UIFont+ForTitle.m in Sources */ = {isa = PBXBuildFile; fileRef = 847D409F26ABF68A006CADA6 /* UIFont+ForTitle.m */; };
		847D40A226AC01F2006CADA6 /* GlobalFunctions.m in Sources */ = {isa = PBXBuildFile; fileRef = 847D40A126AC01F2006CADA6 /* GlobalFunctions.m */; };
		847D40A526AC7E65006CADA6 /* RSTextField.m in Sources */ = {isa = PBXBuildFile; fileRef = 847D40A426AC7E65006CADA6 /* RSTextField.m */; };
		84C5EA8D26A9EA4200D29B1D /* AppDelegate.m in Sources */ = {isa = PBXBuildFile; fileRef = 84C5EA8C26A9EA4200D29B1D /* AppDelegate.m */; };
		84C5EA9026A9EA4200D29B1D /* SceneDelegate.m in Sources */ = {isa = PBXBuildFile; fileRef = 84C5EA8F26A9EA4200D29B1D /* SceneDelegate.m */; };
		84C5EA9326A9EA4200D29B1D /* AuthorizationViewController.m in Sources */ = {isa = PBXBuildFile; fileRef = 84C5EA9226A9EA4200D29B1D /* AuthorizationViewController.m */; };
		84C5EA9826A9EA4300D29B1D /* Assets.xcassets in Resources */ = {isa = PBXBuildFile; fileRef = 84C5EA9726A9EA4300D29B1D /* Assets.xcassets */; };
		84C5EA9B26A9EA4300D29B1D /* LaunchScreen.storyboard in Resources */ = {isa = PBXBuildFile; fileRef = 84C5EA9926A9EA4300D29B1D /* LaunchScreen.storyboard */; };
		84C5EA9E26A9EA4300D29B1D /* main.m in Sources */ = {isa = PBXBuildFile; fileRef = 84C5EA9D26A9EA4300D29B1D /* main.m */; };
		84EAA90226B19F78004E6CD2 /* CypherButton.m in Sources */ = {isa = PBXBuildFile; fileRef = 844874CC26AD9D3E0001F873 /* CypherButton.m */; };
		84EAA90326B19F78004E6CD2 /* UIColor+AdditionalColors.m in Sources */ = {isa = PBXBuildFile; fileRef = 844874C126AD726A0001F873 /* UIColor+AdditionalColors.m */; };
		84EAA90426B19F78004E6CD2 /* RSTextField.m in Sources */ = {isa = PBXBuildFile; fileRef = 847D40A426AC7E65006CADA6 /* RSTextField.m */; };
		84EAA90526B19F78004E6CD2 /* UIFont+ForTitle.m in Sources */ = {isa = PBXBuildFile; fileRef = 847D409F26ABF68A006CADA6 /* UIFont+ForTitle.m */; };
		84EAA90626B19F78004E6CD2 /* AuthorizationViewController.m in Sources */ = {isa = PBXBuildFile; fileRef = 84C5EA9226A9EA4200D29B1D /* AuthorizationViewController.m */; };
		84EAA90726B19F78004E6CD2 /* RightPassword.m in Sources */ = {isa = PBXBuildFile; fileRef = 8412A7FC26AB24DE00C3D425 /* RightPassword.m */; };
		84EAA90826B19F78004E6CD2 /* AppDelegate.m in Sources */ = {isa = PBXBuildFile; fileRef = 84C5EA8C26A9EA4200D29B1D /* AppDelegate.m */; };
		84EAA90926B19F78004E6CD2 /* AuthorizationViewController+UITextFieldDelegate.m in Sources */ = {isa = PBXBuildFile; fileRef = 842FB26626AF29F0001FB079 /* AuthorizationViewController+UITextFieldDelegate.m */; };
		84EAA90A26B19F78004E6CD2 /* main.m in Sources */ = {isa = PBXBuildFile; fileRef = 84C5EA9D26A9EA4300D29B1D /* main.m */; };
		84EAA90B26B19F78004E6CD2 /* SceneDelegate.m in Sources */ = {isa = PBXBuildFile; fileRef = 84C5EA8F26A9EA4200D29B1D /* SceneDelegate.m */; };
		84EAA90C26B19F78004E6CD2 /* UIControl+OnOffAlpha.m in Sources */ = {isa = PBXBuildFile; fileRef = 847D409C26ABF075006CADA6 /* UIControl+OnOffAlpha.m */; };
		84EAA90D26B19F78004E6CD2 /* CypherView.m in Sources */ = {isa = PBXBuildFile; fileRef = 844874D226ADB5F60001F873 /* CypherView.m */; };
		84EAA90E26B19F78004E6CD2 /* RSButton.m in Sources */ = {isa = PBXBuildFile; fileRef = 844874C526AD77DD0001F873 /* RSButton.m */; };
		84EAA90F26B19F78004E6CD2 /* GlobalFunctions.m in Sources */ = {isa = PBXBuildFile; fileRef = 847D40A126AC01F2006CADA6 /* GlobalFunctions.m */; };
		84EAA91226B19F78004E6CD2 /* LaunchScreen.storyboard in Resources */ = {isa = PBXBuildFile; fileRef = 84C5EA9926A9EA4300D29B1D /* LaunchScreen.storyboard */; };
		84EAA91326B19F78004E6CD2 /* Assets.xcassets in Resources */ = {isa = PBXBuildFile; fileRef = 84C5EA9726A9EA4300D29B1D /* Assets.xcassets */; };
/* End PBXBuildFile section */

/* Begin PBXFileReference section */
		8412A7FC26AB24DE00C3D425 /* RightPassword.m */ = {isa = PBXFileReference; fileEncoding = 4; lastKnownFileType = sourcecode.c.objc; path = RightPassword.m; sourceTree = "<group>"; };
		8412A7FD26AB24DE00C3D425 /* RightPassword.h */ = {isa = PBXFileReference; fileEncoding = 4; lastKnownFileType = sourcecode.c.h; name = RightPassword.h; path = ../../../../../Desktop/Model/RightPassword.h; sourceTree = "<group>"; };
		842FB26526AF29F0001FB079 /* AuthorizationViewController+UITextFieldDelegate.h */ = {isa = PBXFileReference; lastKnownFileType = sourcecode.c.h; path = "AuthorizationViewController+UITextFieldDelegate.h"; sourceTree = "<group>"; };
		842FB26626AF29F0001FB079 /* AuthorizationViewController+UITextFieldDelegate.m */ = {isa = PBXFileReference; lastKnownFileType = sourcecode.c.objc; path = "AuthorizationViewController+UITextFieldDelegate.m"; sourceTree = "<group>"; };
		844874C026AD726A0001F873 /* UIColor+AdditionalColors.h */ = {isa = PBXFileReference; lastKnownFileType = sourcecode.c.h; path = "UIColor+AdditionalColors.h"; sourceTree = "<group>"; };
		844874C126AD726A0001F873 /* UIColor+AdditionalColors.m */ = {isa = PBXFileReference; lastKnownFileType = sourcecode.c.objc; path = "UIColor+AdditionalColors.m"; sourceTree = "<group>"; };
		844874C526AD77DD0001F873 /* RSButton.m */ = {isa = PBXFileReference; lastKnownFileType = sourcecode.c.objc; path = RSButton.m; sourceTree = "<group>"; };
		844874C726AD77F20001F873 /* RSButton.h */ = {isa = PBXFileReference; lastKnownFileType = sourcecode.c.h; path = RSButton.h; sourceTree = "<group>"; };
		844874CB26AD9D260001F873 /* CypherButton.h */ = {isa = PBXFileReference; lastKnownFileType = sourcecode.c.h; path = CypherButton.h; sourceTree = "<group>"; };
		844874CC26AD9D3E0001F873 /* CypherButton.m */ = {isa = PBXFileReference; lastKnownFileType = sourcecode.c.objc; path = CypherButton.m; sourceTree = "<group>"; };
		844874D226ADB5F60001F873 /* CypherView.m */ = {isa = PBXFileReference; lastKnownFileType = sourcecode.c.objc; path = CypherView.m; sourceTree = "<group>"; };
		844874D426ADB60A0001F873 /* CypherView.h */ = {isa = PBXFileReference; lastKnownFileType = sourcecode.c.h; path = CypherView.h; sourceTree = "<group>"; };
		847D409B26ABF075006CADA6 /* UIControl+OnOffAlpha.h */ = {isa = PBXFileReference; lastKnownFileType = sourcecode.c.h; path = "UIControl+OnOffAlpha.h"; sourceTree = "<group>"; };
		847D409C26ABF075006CADA6 /* UIControl+OnOffAlpha.m */ = {isa = PBXFileReference; lastKnownFileType = sourcecode.c.objc; path = "UIControl+OnOffAlpha.m"; sourceTree = "<group>"; };
		847D409E26ABF68A006CADA6 /* UIFont+ForTitle.h */ = {isa = PBXFileReference; lastKnownFileType = sourcecode.c.h; path = "UIFont+ForTitle.h"; sourceTree = "<group>"; };
		847D409F26ABF68A006CADA6 /* UIFont+ForTitle.m */ = {isa = PBXFileReference; lastKnownFileType = sourcecode.c.objc; path = "UIFont+ForTitle.m"; sourceTree = "<group>"; };
		847D40A126AC01F2006CADA6 /* GlobalFunctions.m */ = {isa = PBXFileReference; lastKnownFileType = sourcecode.c.objc; path = GlobalFunctions.m; sourceTree = "<group>"; };
		847D40A326AC0280006CADA6 /* GlobalFunctions.h */ = {isa = PBXFileReference; lastKnownFileType = sourcecode.c.h; path = GlobalFunctions.h; sourceTree = "<group>"; };
		847D40A426AC7E65006CADA6 /* RSTextField.m */ = {isa = PBXFileReference; lastKnownFileType = sourcecode.c.objc; path = RSTextField.m; sourceTree = "<group>"; };
		847D40A626AC7E7B006CADA6 /* RSTextField.h */ = {isa = PBXFileReference; lastKnownFileType = sourcecode.c.h; path = RSTextField.h; sourceTree = "<group>"; };
		847D40A826AC8101006CADA6 /* Authorization window-Bridging-Header.h */ = {isa = PBXFileReference; lastKnownFileType = sourcecode.c.h; path = "Authorization window-Bridging-Header.h"; sourceTree = "<group>"; };
		84C5EA8826A9EA4200D29B1D /* Authorization window ios 12.1.app */ = {isa = PBXFileReference; explicitFileType = wrapper.application; includeInIndex = 0; path = "Authorization window ios 12.1.app"; sourceTree = BUILT_PRODUCTS_DIR; };
		84C5EA8B26A9EA4200D29B1D /* AppDelegate.h */ = {isa = PBXFileReference; lastKnownFileType = sourcecode.c.h; path = AppDelegate.h; sourceTree = "<group>"; };
		84C5EA8C26A9EA4200D29B1D /* AppDelegate.m */ = {isa = PBXFileReference; lastKnownFileType = sourcecode.c.objc; path = AppDelegate.m; sourceTree = "<group>"; };
		84C5EA8E26A9EA4200D29B1D /* SceneDelegate.h */ = {isa = PBXFileReference; lastKnownFileType = sourcecode.c.h; path = SceneDelegate.h; sourceTree = "<group>"; };
		84C5EA8F26A9EA4200D29B1D /* SceneDelegate.m */ = {isa = PBXFileReference; lastKnownFileType = sourcecode.c.objc; path = SceneDelegate.m; sourceTree = "<group>"; };
		84C5EA9126A9EA4200D29B1D /* AuthorizationViewController.h */ = {isa = PBXFileReference; lastKnownFileType = sourcecode.c.h; path = AuthorizationViewController.h; sourceTree = "<group>"; };
		84C5EA9226A9EA4200D29B1D /* AuthorizationViewController.m */ = {isa = PBXFileReference; lastKnownFileType = sourcecode.c.objc; path = AuthorizationViewController.m; sourceTree = "<group>"; };
		84C5EA9726A9EA4300D29B1D /* Assets.xcassets */ = {isa = PBXFileReference; lastKnownFileType = folder.assetcatalog; path = Assets.xcassets; sourceTree = "<group>"; };
		84C5EA9A26A9EA4300D29B1D /* Base */ = {isa = PBXFileReference; lastKnownFileType = file.storyboard; name = Base; path = Base.lproj/LaunchScreen.storyboard; sourceTree = "<group>"; };
		84C5EA9C26A9EA4300D29B1D /* Info.plist */ = {isa = PBXFileReference; lastKnownFileType = text.plist.xml; path = Info.plist; sourceTree = "<group>"; };
		84C5EA9D26A9EA4300D29B1D /* main.m */ = {isa = PBXFileReference; lastKnownFileType = sourcecode.c.objc; path = main.m; sourceTree = "<group>"; };
		84EAA91726B19F78004E6CD2 /* Authorization window ios 13.app */ = {isa = PBXFileReference; explicitFileType = wrapper.application; includeInIndex = 0; path = "Authorization window ios 13.app"; sourceTree = BUILT_PRODUCTS_DIR; };
		84EAA91826B19F79004E6CD2 /* Authorization window copy-Info.plist */ = {isa = PBXFileReference; lastKnownFileType = text.plist.xml; name = "Authorization window copy-Info.plist"; path = "/Users/admin/Documents/Developer/Authorization window/Authorization window copy-Info.plist"; sourceTree = "<absolute>"; };
/* End PBXFileReference section */

/* Begin PBXFrameworksBuildPhase section */
		84C5EA8526A9EA4200D29B1D /* Frameworks */ = {
			isa = PBXFrameworksBuildPhase;
			buildActionMask = 2147483647;
			files = (
			);
			runOnlyForDeploymentPostprocessing = 0;
		};
		84EAA91026B19F78004E6CD2 /* Frameworks */ = {
			isa = PBXFrameworksBuildPhase;
			buildActionMask = 2147483647;
			files = (
			);
			runOnlyForDeploymentPostprocessing = 0;
		};
/* End PBXFrameworksBuildPhase section */

/* Begin PBXGroup section */
		8412A80226AB29A400C3D425 /* Extensions */ = {
			isa = PBXGroup;
			children = (
				847D409B26ABF075006CADA6 /* UIControl+OnOffAlpha.h */,
				847D409C26ABF075006CADA6 /* UIControl+OnOffAlpha.m */,
				847D409E26ABF68A006CADA6 /* UIFont+ForTitle.h */,
				847D409F26ABF68A006CADA6 /* UIFont+ForTitle.m */,
				844874C026AD726A0001F873 /* UIColor+AdditionalColors.h */,
				844874C126AD726A0001F873 /* UIColor+AdditionalColors.m */,
				842FB26526AF29F0001FB079 /* AuthorizationViewController+UITextFieldDelegate.h */,
				842FB26626AF29F0001FB079 /* AuthorizationViewController+UITextFieldDelegate.m */,
			);
			path = Extensions;
			sourceTree = "<group>";
		};
		847D40A726AC80DB006CADA6 /* Support Files */ = {
			isa = PBXGroup;
			children = (
				84C5EA8B26A9EA4200D29B1D /* AppDelegate.h */,
				84C5EA8C26A9EA4200D29B1D /* AppDelegate.m */,
				84C5EA8E26A9EA4200D29B1D /* SceneDelegate.h */,
				84C5EA8F26A9EA4200D29B1D /* SceneDelegate.m */,
				84C5EA9926A9EA4300D29B1D /* LaunchScreen.storyboard */,
			);
			path = "Support Files";
			sourceTree = "<group>";
		};
		84C5EA7F26A9EA4200D29B1D = {
			isa = PBXGroup;
			children = (
				84C5EA8A26A9EA4200D29B1D /* Authorization window */,
				84C5EA8926A9EA4200D29B1D /* Products */,
				84EAA91826B19F79004E6CD2 /* Authorization window copy-Info.plist */,
			);
			sourceTree = "<group>";
		};
		84C5EA8926A9EA4200D29B1D /* Products */ = {
			isa = PBXGroup;
			children = (
				84C5EA8826A9EA4200D29B1D /* Authorization window ios 12.1.app */,
				84EAA91726B19F78004E6CD2 /* Authorization window ios 13.app */,
			);
			name = Products;
			sourceTree = "<group>";
		};
		84C5EA8A26A9EA4200D29B1D /* Authorization window */ = {
			isa = PBXGroup;
			children = (
				8412A80226AB29A400C3D425 /* Extensions */,
				84C5EAA426A9EA5800D29B1D /* Model */,
				84C5EAA526A9EA6C00D29B1D /* Views */,
				847D40A726AC80DB006CADA6 /* Support Files */,
				84C5EA9126A9EA4200D29B1D /* AuthorizationViewController.h */,
				84C5EA9226A9EA4200D29B1D /* AuthorizationViewController.m */,
				84C5EA9726A9EA4300D29B1D /* Assets.xcassets */,
				84C5EA9C26A9EA4300D29B1D /* Info.plist */,
				84C5EA9D26A9EA4300D29B1D /* main.m */,
				847D40A326AC0280006CADA6 /* GlobalFunctions.h */,
				847D40A126AC01F2006CADA6 /* GlobalFunctions.m */,
			);
			path = "Authorization window";
			sourceTree = "<group>";
		};
		84C5EAA426A9EA5800D29B1D /* Model */ = {
			isa = PBXGroup;
			children = (
				8412A7FD26AB24DE00C3D425 /* RightPassword.h */,
				8412A7FC26AB24DE00C3D425 /* RightPassword.m */,
			);
			path = Model;
			sourceTree = "<group>";
		};
		84C5EAA526A9EA6C00D29B1D /* Views */ = {
			isa = PBXGroup;
			children = (
				847D40A826AC8101006CADA6 /* Authorization window-Bridging-Header.h */,
				847D40A626AC7E7B006CADA6 /* RSTextField.h */,
				847D40A426AC7E65006CADA6 /* RSTextField.m */,
				844874C726AD77F20001F873 /* RSButton.h */,
				844874C526AD77DD0001F873 /* RSButton.m */,
				844874CB26AD9D260001F873 /* CypherButton.h */,
				844874CC26AD9D3E0001F873 /* CypherButton.m */,
				844874D426ADB60A0001F873 /* CypherView.h */,
				844874D226ADB5F60001F873 /* CypherView.m */,
			);
			path = Views;
			sourceTree = "<group>";
		};
/* End PBXGroup section */

/* Begin PBXNativeTarget section */
		84C5EA8726A9EA4200D29B1D /* Authorization window ios 12.1 */ = {
			isa = PBXNativeTarget;
			buildConfigurationList = 84C5EAA126A9EA4300D29B1D /* Build configuration list for PBXNativeTarget "Authorization window ios 12.1" */;
			buildPhases = (
				84C5EA8426A9EA4200D29B1D /* Sources */,
				84C5EA8526A9EA4200D29B1D /* Frameworks */,
				84C5EA8626A9EA4200D29B1D /* Resources */,
			);
			buildRules = (
			);
			dependencies = (
			);
			name = "Authorization window ios 12.1";
			productName = "Authorization window";
			productReference = 84C5EA8826A9EA4200D29B1D /* Authorization window ios 12.1.app */;
			productType = "com.apple.product-type.application";
		};
		84EAA90026B19F78004E6CD2 /* Authorization window ios 13 */ = {
			isa = PBXNativeTarget;
			buildConfigurationList = 84EAA91426B19F78004E6CD2 /* Build configuration list for PBXNativeTarget "Authorization window ios 13" */;
			buildPhases = (
				84EAA90126B19F78004E6CD2 /* Sources */,
				84EAA91026B19F78004E6CD2 /* Frameworks */,
				84EAA91126B19F78004E6CD2 /* Resources */,
			);
			buildRules = (
			);
			dependencies = (
			);
			name = "Authorization window ios 13";
			productName = "Authorization window";
			productReference = 84EAA91726B19F78004E6CD2 /* Authorization window ios 13.app */;
			productType = "com.apple.product-type.application";
		};
/* End PBXNativeTarget section */

/* Begin PBXProject section */
		84C5EA8026A9EA4200D29B1D /* Project object */ = {
			isa = PBXProject;
			attributes = {
				LastUpgradeCheck = 1250;
				TargetAttributes = {
					84C5EA8726A9EA4200D29B1D = {
						CreatedOnToolsVersion = 12.5.1;
						LastSwiftMigration = 1250;
					};
				};
			};
			buildConfigurationList = 84C5EA8326A9EA4200D29B1D /* Build configuration list for PBXProject "Authorization window" */;
			compatibilityVersion = "Xcode 9.3";
			developmentRegion = en;
			hasScannedForEncodings = 0;
			knownRegions = (
				en,
				Base,
			);
			mainGroup = 84C5EA7F26A9EA4200D29B1D;
			productRefGroup = 84C5EA8926A9EA4200D29B1D /* Products */;
			projectDirPath = "";
			projectRoot = "";
			targets = (
				84C5EA8726A9EA4200D29B1D /* Authorization window ios 12.1 */,
				84EAA90026B19F78004E6CD2 /* Authorization window ios 13 */,
			);
		};
/* End PBXProject section */

/* Begin PBXResourcesBuildPhase section */
		84C5EA8626A9EA4200D29B1D /* Resources */ = {
			isa = PBXResourcesBuildPhase;
			buildActionMask = 2147483647;
			files = (
				84C5EA9B26A9EA4300D29B1D /* LaunchScreen.storyboard in Resources */,
				84C5EA9826A9EA4300D29B1D /* Assets.xcassets in Resources */,
			);
			runOnlyForDeploymentPostprocessing = 0;
		};
		84EAA91126B19F78004E6CD2 /* Resources */ = {
			isa = PBXResourcesBuildPhase;
			buildActionMask = 2147483647;
			files = (
				84EAA91226B19F78004E6CD2 /* LaunchScreen.storyboard in Resources */,
				84EAA91326B19F78004E6CD2 /* Assets.xcassets in Resources */,
			);
			runOnlyForDeploymentPostprocessing = 0;
		};
/* End PBXResourcesBuildPhase section */

/* Begin PBXSourcesBuildPhase section */
		84C5EA8426A9EA4200D29B1D /* Sources */ = {
			isa = PBXSourcesBuildPhase;
			buildActionMask = 2147483647;
			files = (
				844874CD26AD9D3E0001F873 /* CypherButton.m in Sources */,
				844874C226AD726A0001F873 /* UIColor+AdditionalColors.m in Sources */,
				847D40A526AC7E65006CADA6 /* RSTextField.m in Sources */,
				847D40A026ABF68A006CADA6 /* UIFont+ForTitle.m in Sources */,
				84C5EA9326A9EA4200D29B1D /* AuthorizationViewController.m in Sources */,
				8412A7FE26AB24DE00C3D425 /* RightPassword.m in Sources */,
				84C5EA8D26A9EA4200D29B1D /* AppDelegate.m in Sources */,
				842FB26726AF29F0001FB079 /* AuthorizationViewController+UITextFieldDelegate.m in Sources */,
				84C5EA9E26A9EA4300D29B1D /* main.m in Sources */,
				84C5EA9026A9EA4200D29B1D /* SceneDelegate.m in Sources */,
				847D409D26ABF075006CADA6 /* UIControl+OnOffAlpha.m in Sources */,
				844874D326ADB5F60001F873 /* CypherView.m in Sources */,
				844874C626AD77DD0001F873 /* RSButton.m in Sources */,
				847D40A226AC01F2006CADA6 /* GlobalFunctions.m in Sources */,
			);
			runOnlyForDeploymentPostprocessing = 0;
		};
		84EAA90126B19F78004E6CD2 /* Sources */ = {
			isa = PBXSourcesBuildPhase;
			buildActionMask = 2147483647;
			files = (
				84EAA90226B19F78004E6CD2 /* CypherButton.m in Sources */,
				84EAA90326B19F78004E6CD2 /* UIColor+AdditionalColors.m in Sources */,
				84EAA90426B19F78004E6CD2 /* RSTextField.m in Sources */,
				84EAA90526B19F78004E6CD2 /* UIFont+ForTitle.m in Sources */,
				84EAA90626B19F78004E6CD2 /* AuthorizationViewController.m in Sources */,
				84EAA90726B19F78004E6CD2 /* RightPassword.m in Sources */,
				84EAA90826B19F78004E6CD2 /* AppDelegate.m in Sources */,
				84EAA90926B19F78004E6CD2 /* AuthorizationViewController+UITextFieldDelegate.m in Sources */,
				84EAA90A26B19F78004E6CD2 /* main.m in Sources */,
				84EAA90B26B19F78004E6CD2 /* SceneDelegate.m in Sources */,
				84EAA90C26B19F78004E6CD2 /* UIControl+OnOffAlpha.m in Sources */,
				84EAA90D26B19F78004E6CD2 /* CypherView.m in Sources */,
				84EAA90E26B19F78004E6CD2 /* RSButton.m in Sources */,
				84EAA90F26B19F78004E6CD2 /* GlobalFunctions.m in Sources */,
			);
			runOnlyForDeploymentPostprocessing = 0;
		};
/* End PBXSourcesBuildPhase section */

/* Begin PBXVariantGroup section */
		84C5EA9926A9EA4300D29B1D /* LaunchScreen.storyboard */ = {
			isa = PBXVariantGroup;
			children = (
				84C5EA9A26A9EA4300D29B1D /* Base */,
			);
			name = LaunchScreen.storyboard;
			sourceTree = "<group>";
		};
/* End PBXVariantGroup section */

/* Begin XCBuildConfiguration section */
		84C5EA9F26A9EA4300D29B1D /* Debug */ = {
			isa = XCBuildConfiguration;
			buildSettings = {
				ALWAYS_SEARCH_USER_PATHS = NO;
				CLANG_ANALYZER_NONNULL = YES;
				CLANG_ANALYZER_NUMBER_OBJECT_CONVERSION = YES_AGGRESSIVE;
				CLANG_CXX_LANGUAGE_STANDARD = "gnu++14";
				CLANG_CXX_LIBRARY = "libc++";
				CLANG_ENABLE_MODULES = YES;
				CLANG_ENABLE_OBJC_ARC = YES;
				CLANG_ENABLE_OBJC_WEAK = YES;
				CLANG_WARN_BLOCK_CAPTURE_AUTORELEASING = YES;
				CLANG_WARN_BOOL_CONVERSION = YES;
				CLANG_WARN_COMMA = YES;
				CLANG_WARN_CONSTANT_CONVERSION = YES;
				CLANG_WARN_DEPRECATED_OBJC_IMPLEMENTATIONS = YES;
				CLANG_WARN_DIRECT_OBJC_ISA_USAGE = YES_ERROR;
				CLANG_WARN_DOCUMENTATION_COMMENTS = YES;
				CLANG_WARN_EMPTY_BODY = YES;
				CLANG_WARN_ENUM_CONVERSION = YES;
				CLANG_WARN_INFINITE_RECURSION = YES;
				CLANG_WARN_INT_CONVERSION = YES;
				CLANG_WARN_NON_LITERAL_NULL_CONVERSION = YES;
				CLANG_WARN_OBJC_IMPLICIT_RETAIN_SELF = YES;
				CLANG_WARN_OBJC_LITERAL_CONVERSION = YES;
				CLANG_WARN_OBJC_ROOT_CLASS = YES_ERROR;
				CLANG_WARN_QUOTED_INCLUDE_IN_FRAMEWORK_HEADER = YES;
				CLANG_WARN_RANGE_LOOP_ANALYSIS = YES;
				CLANG_WARN_STRICT_PROTOTYPES = YES;
				CLANG_WARN_SUSPICIOUS_MOVE = YES;
				CLANG_WARN_UNGUARDED_AVAILABILITY = YES_AGGRESSIVE;
				CLANG_WARN_UNREACHABLE_CODE = YES;
				CLANG_WARN__DUPLICATE_METHOD_MATCH = YES;
				COPY_PHASE_STRIP = NO;
				DEBUG_INFORMATION_FORMAT = dwarf;
				ENABLE_STRICT_OBJC_MSGSEND = YES;
				ENABLE_TESTABILITY = YES;
				GCC_C_LANGUAGE_STANDARD = gnu11;
				GCC_DYNAMIC_NO_PIC = NO;
				GCC_NO_COMMON_BLOCKS = YES;
				GCC_OPTIMIZATION_LEVEL = 0;
				GCC_PREPROCESSOR_DEFINITIONS = (
					"DEBUG=1",
					"$(inherited)",
				);
				GCC_WARN_64_TO_32_BIT_CONVERSION = YES;
				GCC_WARN_ABOUT_RETURN_TYPE = YES_ERROR;
				GCC_WARN_UNDECLARED_SELECTOR = YES;
				GCC_WARN_UNINITIALIZED_AUTOS = YES_AGGRESSIVE;
				GCC_WARN_UNUSED_FUNCTION = YES;
				GCC_WARN_UNUSED_VARIABLE = YES;
				IPHONEOS_DEPLOYMENT_TARGET = 14.5;
				MTL_ENABLE_DEBUG_INFO = INCLUDE_SOURCE;
				MTL_FAST_MATH = YES;
				ONLY_ACTIVE_ARCH = YES;
				SDKROOT = iphoneos;
			};
			name = Debug;
		};
		84C5EAA026A9EA4300D29B1D /* Release */ = {
			isa = XCBuildConfiguration;
			buildSettings = {
				ALWAYS_SEARCH_USER_PATHS = NO;
				CLANG_ANALYZER_NONNULL = YES;
				CLANG_ANALYZER_NUMBER_OBJECT_CONVERSION = YES_AGGRESSIVE;
				CLANG_CXX_LANGUAGE_STANDARD = "gnu++14";
				CLANG_CXX_LIBRARY = "libc++";
				CLANG_ENABLE_MODULES = YES;
				CLANG_ENABLE_OBJC_ARC = YES;
				CLANG_ENABLE_OBJC_WEAK = YES;
				CLANG_WARN_BLOCK_CAPTURE_AUTORELEASING = YES;
				CLANG_WARN_BOOL_CONVERSION = YES;
				CLANG_WARN_COMMA = YES;
				CLANG_WARN_CONSTANT_CONVERSION = YES;
				CLANG_WARN_DEPRECATED_OBJC_IMPLEMENTATIONS = YES;
				CLANG_WARN_DIRECT_OBJC_ISA_USAGE = YES_ERROR;
				CLANG_WARN_DOCUMENTATION_COMMENTS = YES;
				CLANG_WARN_EMPTY_BODY = YES;
				CLANG_WARN_ENUM_CONVERSION = YES;
				CLANG_WARN_INFINITE_RECURSION = YES;
				CLANG_WARN_INT_CONVERSION = YES;
				CLANG_WARN_NON_LITERAL_NULL_CONVERSION = YES;
				CLANG_WARN_OBJC_IMPLICIT_RETAIN_SELF = YES;
				CLANG_WARN_OBJC_LITERAL_CONVERSION = YES;
				CLANG_WARN_OBJC_ROOT_CLASS = YES_ERROR;
				CLANG_WARN_QUOTED_INCLUDE_IN_FRAMEWORK_HEADER = YES;
				CLANG_WARN_RANGE_LOOP_ANALYSIS = YES;
				CLANG_WARN_STRICT_PROTOTYPES = YES;
				CLANG_WARN_SUSPICIOUS_MOVE = YES;
				CLANG_WARN_UNGUARDED_AVAILABILITY = YES_AGGRESSIVE;
				CLANG_WARN_UNREACHABLE_CODE = YES;
				CLANG_WARN__DUPLICATE_METHOD_MATCH = YES;
				COPY_PHASE_STRIP = NO;
				DEBUG_INFORMATION_FORMAT = "dwarf-with-dsym";
				ENABLE_NS_ASSERTIONS = NO;
				ENABLE_STRICT_OBJC_MSGSEND = YES;
				GCC_C_LANGUAGE_STANDARD = gnu11;
				GCC_NO_COMMON_BLOCKS = YES;
				GCC_WARN_64_TO_32_BIT_CONVERSION = YES;
				GCC_WARN_ABOUT_RETURN_TYPE = YES_ERROR;
				GCC_WARN_UNDECLARED_SELECTOR = YES;
				GCC_WARN_UNINITIALIZED_AUTOS = YES_AGGRESSIVE;
				GCC_WARN_UNUSED_FUNCTION = YES;
				GCC_WARN_UNUSED_VARIABLE = YES;
				IPHONEOS_DEPLOYMENT_TARGET = 14.5;
				MTL_ENABLE_DEBUG_INFO = NO;
				MTL_FAST_MATH = YES;
				SDKROOT = iphoneos;
				VALIDATE_PRODUCT = YES;
			};
			name = Release;
		};
		84C5EAA226A9EA4300D29B1D /* Debug */ = {
			isa = XCBuildConfiguration;
			buildSettings = {
				ASSETCATALOG_COMPILER_APPICON_NAME = AppIcon;
				ASSETCATALOG_COMPILER_GLOBAL_ACCENT_COLOR_NAME = AccentColor;
				CLANG_ENABLE_MODULES = YES;
				CODE_SIGN_STYLE = Automatic;
				DEVELOPMENT_TEAM = K4FDR4N6T3;
				INFOPLIST_FILE = "Authorization window/Info.plist";
				IPHONEOS_DEPLOYMENT_TARGET = 12.1;
				LD_RUNPATH_SEARCH_PATHS = (
					"$(inherited)",
					"@executable_path/Frameworks",
				);
				PRODUCT_BUNDLE_IDENTIFIER = "TrainingInCoding.Authorization-window";
				PRODUCT_NAME = "$(TARGET_NAME)";
				SWIFT_OBJC_BRIDGING_HEADER = "Authorization window/Views/Authorization window-Bridging-Header.h";
				SWIFT_OPTIMIZATION_LEVEL = "-Onone";
				SWIFT_VERSION = 5.0;
				TARGETED_DEVICE_FAMILY = "1,2";
			};
			name = Debug;
		};
		84C5EAA326A9EA4300D29B1D /* Release */ = {
			isa = XCBuildConfiguration;
			buildSettings = {
				ASSETCATALOG_COMPILER_APPICON_NAME = AppIcon;
				ASSETCATALOG_COMPILER_GLOBAL_ACCENT_COLOR_NAME = AccentColor;
				CLANG_ENABLE_MODULES = YES;
				CODE_SIGN_STYLE = Automatic;
				DEVELOPMENT_TEAM = K4FDR4N6T3;
				INFOPLIST_FILE = "Authorization window/Info.plist";
				IPHONEOS_DEPLOYMENT_TARGET = 12.1;
				LD_RUNPATH_SEARCH_PATHS = (
					"$(inherited)",
					"@executable_path/Frameworks",
				);
				PRODUCT_BUNDLE_IDENTIFIER = "TrainingInCoding.Authorization-window";
				PRODUCT_NAME = "$(TARGET_NAME)";
				SWIFT_OBJC_BRIDGING_HEADER = "Authorization window/Views/Authorization window-Bridging-Header.h";
				SWIFT_VERSION = 5.0;
				TARGETED_DEVICE_FAMILY = "1,2";
			};
			name = Release;
		};
		84EAA91526B19F78004E6CD2 /* Debug */ = {
			isa = XCBuildConfiguration;
			buildSettings = {
				ASSETCATALOG_COMPILER_APPICON_NAME = AppIcon;
				ASSETCATALOG_COMPILER_GLOBAL_ACCENT_COLOR_NAME = AccentColor;
				CLANG_ENABLE_MODULES = YES;
				CODE_SIGN_STYLE = Automatic;
				DEVELOPMENT_TEAM = K4FDR4N6T3;
				INFOPLIST_FILE = "Authorization window copy-Info.plist";
				IPHONEOS_DEPLOYMENT_TARGET = 12.1;
				LD_RUNPATH_SEARCH_PATHS = (
					"$(inherited)",
					"@executable_path/Frameworks",
				);
				PRODUCT_BUNDLE_IDENTIFIER = "TrainingInCoding.Authorization-window";
				PRODUCT_NAME = "$(TARGET_NAME)";
				SWIFT_OBJC_BRIDGING_HEADER = "Authorization window/Views/Authorization window-Bridging-Header.h";
				SWIFT_OPTIMIZATION_LEVEL = "-Onone";
				SWIFT_VERSION = 5.0;
				TARGETED_DEVICE_FAMILY = "1,2";
			};
			name = Debug;
		};
		84EAA91626B19F78004E6CD2 /* Release */ = {
			isa = XCBuildConfiguration;
			buildSettings = {
				ASSETCATALOG_COMPILER_APPICON_NAME = AppIcon;
				ASSETCATALOG_COMPILER_GLOBAL_ACCENT_COLOR_NAME = AccentColor;
				CLANG_ENABLE_MODULES = YES;
				CODE_SIGN_STYLE = Automatic;
				DEVELOPMENT_TEAM = K4FDR4N6T3;
				INFOPLIST_FILE = "Authorization window copy-Info.plist";
				IPHONEOS_DEPLOYMENT_TARGET = 12.1;
				LD_RUNPATH_SEARCH_PATHS = (
					"$(inherited)",
					"@executable_path/Frameworks",
				);
				PRODUCT_BUNDLE_IDENTIFIER = "TrainingInCoding.Authorization-window";
				PRODUCT_NAME = "$(TARGET_NAME)";
				SWIFT_OBJC_BRIDGING_HEADER = "Authorization window/Views/Authorization window-Bridging-Header.h";
				SWIFT_VERSION = 5.0;
				TARGETED_DEVICE_FAMILY = "1,2";
			};
			name = Release;
		};
/* End XCBuildConfiguration section */

/* Begin XCConfigurationList section */
		84C5EA8326A9EA4200D29B1D /* Build configuration list for PBXProject "Authorization window" */ = {
			isa = XCConfigurationList;
			buildConfigurations = (
				84C5EA9F26A9EA4300D29B1D /* Debug */,
				84C5EAA026A9EA4300D29B1D /* Release */,
			);
			defaultConfigurationIsVisible = 0;
			defaultConfigurationName = Release;
		};
		84C5EAA126A9EA4300D29B1D /* Build configuration list for PBXNativeTarget "Authorization window ios 12.1" */ = {
			isa = XCConfigurationList;
			buildConfigurations = (
				84C5EAA226A9EA4300D29B1D /* Debug */,
				84C5EAA326A9EA4300D29B1D /* Release */,
			);
			defaultConfigurationIsVisible = 0;
			defaultConfigurationName = Release;
		};
		84EAA91426B19F78004E6CD2 /* Build configuration list for PBXNativeTarget "Authorization window ios 13" */ = {
			isa = XCConfigurationList;
			buildConfigurations = (
				84EAA91526B19F78004E6CD2 /* Debug */,
				84EAA91626B19F78004E6CD2 /* Release */,
			);
			defaultConfigurationIsVisible = 0;
			defaultConfigurationName = Release;
		};
/* End XCConfigurationList section */
	};
	rootObject = 84C5EA8026A9EA4200D29B1D /* Project object */;
}
